
Microsoft Visual Studio Solution File, Format Version 12.00
# Visual Studio Version 16
VisualStudioVersion = 16.0.28822.285
MinimumVisualStudioVersion = 10.0.40219.1
Project("{FAE04EC0-301F-11D3-BF4B-00C04F79EFBC}") = "Vidly", "Vidly.csproj", "{6433BA7E-160D-420C-B757-F7F63549E612}"
EndProject
Global
	GlobalSection(SolutionConfigurationPlatforms) = preSolution
		Debug|Any CPU = Debug|Any CPU
		Release|Any CPU = Release|Any CPU
	EndGlobalSection
	GlobalSection(ProjectConfigurationPlatforms) = postSolution
		{6433BA7E-160D-420C-B757-F7F63549E612}.Debug|Any CPU.ActiveCfg = Debug|Any CPU
		{6433BA7E-160D-420C-B757-F7F63549E612}.Debug|Any CPU.Build.0 = Debug|Any CPU
		{6433BA7E-160D-420C-B757-F7F63549E612}.Release|Any CPU.ActiveCfg = Release|Any CPU
		{6433BA7E-160D-420C-B757-F7F63549E612}.Release|Any CPU.Build.0 = Release|Any CPU
	EndGlobalSection
	GlobalSection(SolutionProperties) = preSolution
		HideSolutionNode = FALSE
	EndGlobalSection
	GlobalSection(ExtensibilityGlobals) = postSolution
		SolutionGuid = {7347B096-D50A-4E55-A2AA-351577C45BBD}
	EndGlobalSection
EndGlobal
